
Microsoft Visual Studio Solution File, Format Version 12.00
# Visual Studio Version 17
VisualStudioVersion = 17.0.31919.166
MinimumVisualStudioVersion = 10.0.40219.1
Project("{2150E333-8FDC-42A3-9474-1A3956D46DE8}") = "Services", "Services", "{5DD2AB7E-1D2C-472D-9F6F-17DEFAA8607B}"
EndProject
Project("{2150E333-8FDC-42A3-9474-1A3956D46DE8}") = "Catalog", "Catalog", "{B18E4490-0D2C-4D98-A364-7B472240371F}"
EndProject
Project("{9A19103F-16F7-4668-BE54-9A1E7A4F7556}") = "Catalog.API", "Services\Catalog\Catalog.API\Catalog.API.csproj", "{26E4120F-C46C-4066-8B70-AB590EBE7BC3}"
EndProject
Project("{E53339B2-1760-4266-BCC7-CA923CBCF16C}") = "docker-compose", "docker-compose.dcproj", "{E55B6034-E36F-4610-A0A2-F4C0E598563C}"
EndProject
Project("{2150E333-8FDC-42A3-9474-1A3956D46DE8}") = "Basket", "Basket", "{0631A55D-45FB-49AE-9A3F-307A584440F2}"
EndProject
Project("{9A19103F-16F7-4668-BE54-9A1E7A4F7556}") = "Basket.API", "Services\Basket\Basket.API\Basket.API.csproj", "{1AA26408-D945-4B61-822C-8492D60E8FC9}"
EndProject
Project("{2150E333-8FDC-42A3-9474-1A3956D46DE8}") = "Discount", "Discount", "{F2EB1B6D-E6E4-41C9-BCF2-CE95F718AA1A}"
EndProject
Project("{FAE04EC0-301F-11D3-BF4B-00C04F79EFBC}") = "Discount.API", "Services\Discount\Discount.API\Discount.API.csproj", "{F83FF191-054F-46D9-8E16-D9D72114D51E}"
EndProject
Project("{FAE04EC0-301F-11D3-BF4B-00C04F79EFBC}") = "Discount.Grpc", "Services\Discount\Discount.Grpc\Discount.Grpc.csproj", "{EEC68511-D487-44AC-8065-6F33DE072416}"
EndProject
Global
	GlobalSection(SolutionConfigurationPlatforms) = preSolution
		Debug|Any CPU = Debug|Any CPU
		Release|Any CPU = Release|Any CPU
	EndGlobalSection
	GlobalSection(ProjectConfigurationPlatforms) = postSolution
		{26E4120F-C46C-4066-8B70-AB590EBE7BC3}.Debug|Any CPU.ActiveCfg = Debug|Any CPU
		{26E4120F-C46C-4066-8B70-AB590EBE7BC3}.Debug|Any CPU.Build.0 = Debug|Any CPU
		{26E4120F-C46C-4066-8B70-AB590EBE7BC3}.Release|Any CPU.ActiveCfg = Release|Any CPU
		{26E4120F-C46C-4066-8B70-AB590EBE7BC3}.Release|Any CPU.Build.0 = Release|Any CPU
		{E55B6034-E36F-4610-A0A2-F4C0E598563C}.Debug|Any CPU.ActiveCfg = Debug|Any CPU
		{E55B6034-E36F-4610-A0A2-F4C0E598563C}.Debug|Any CPU.Build.0 = Debug|Any CPU
		{E55B6034-E36F-4610-A0A2-F4C0E598563C}.Release|Any CPU.ActiveCfg = Release|Any CPU
		{E55B6034-E36F-4610-A0A2-F4C0E598563C}.Release|Any CPU.Build.0 = Release|Any CPU
		{1AA26408-D945-4B61-822C-8492D60E8FC9}.Debug|Any CPU.ActiveCfg = Debug|Any CPU
		{1AA26408-D945-4B61-822C-8492D60E8FC9}.Debug|Any CPU.Build.0 = Debug|Any CPU
		{1AA26408-D945-4B61-822C-8492D60E8FC9}.Release|Any CPU.ActiveCfg = Release|Any CPU
		{1AA26408-D945-4B61-822C-8492D60E8FC9}.Release|Any CPU.Build.0 = Release|Any CPU
		{F83FF191-054F-46D9-8E16-D9D72114D51E}.Debug|Any CPU.ActiveCfg = Debug|Any CPU
		{F83FF191-054F-46D9-8E16-D9D72114D51E}.Debug|Any CPU.Build.0 = Debug|Any CPU
		{F83FF191-054F-46D9-8E16-D9D72114D51E}.Release|Any CPU.ActiveCfg = Release|Any CPU
		{F83FF191-054F-46D9-8E16-D9D72114D51E}.Release|Any CPU.Build.0 = Release|Any CPU
		{EEC68511-D487-44AC-8065-6F33DE072416}.Debug|Any CPU.ActiveCfg = Debug|Any CPU
		{EEC68511-D487-44AC-8065-6F33DE072416}.Debug|Any CPU.Build.0 = Debug|Any CPU
		{EEC68511-D487-44AC-8065-6F33DE072416}.Release|Any CPU.ActiveCfg = Release|Any CPU
		{EEC68511-D487-44AC-8065-6F33DE072416}.Release|Any CPU.Build.0 = Release|Any CPU
	EndGlobalSection
	GlobalSection(SolutionProperties) = preSolution
		HideSolutionNode = FALSE
	EndGlobalSection
	GlobalSection(NestedProjects) = preSolution
		{B18E4490-0D2C-4D98-A364-7B472240371F} = {5DD2AB7E-1D2C-472D-9F6F-17DEFAA8607B}
		{26E4120F-C46C-4066-8B70-AB590EBE7BC3} = {B18E4490-0D2C-4D98-A364-7B472240371F}
		{0631A55D-45FB-49AE-9A3F-307A584440F2} = {5DD2AB7E-1D2C-472D-9F6F-17DEFAA8607B}
		{1AA26408-D945-4B61-822C-8492D60E8FC9} = {0631A55D-45FB-49AE-9A3F-307A584440F2}
		{F2EB1B6D-E6E4-41C9-BCF2-CE95F718AA1A} = {5DD2AB7E-1D2C-472D-9F6F-17DEFAA8607B}
		{F83FF191-054F-46D9-8E16-D9D72114D51E} = {F2EB1B6D-E6E4-41C9-BCF2-CE95F718AA1A}
		{EEC68511-D487-44AC-8065-6F33DE072416} = {F2EB1B6D-E6E4-41C9-BCF2-CE95F718AA1A}
	EndGlobalSection
	GlobalSection(ExtensibilityGlobals) = postSolution
		SolutionGuid = {E6EAA73D-2F0C-4E88-B116-0DDDEE979B44}
	EndGlobalSection
EndGlobal
